// !$*UTF8*$!
{
	archiveVersion = 1;
	classes = {
	};
	objectVersion = 50;
	objects = {

/* Begin PBXBuildFile section */
		CE71533921F90AD90000336A /* AppDelegate.swift in Sources */ = {isa = PBXBuildFile; fileRef = CE71533821F90AD90000336A /* AppDelegate.swift */; };
		CE71533E21F90AD90000336A /* Main.storyboard in Resources */ = {isa = PBXBuildFile; fileRef = CE71533C21F90AD90000336A /* Main.storyboard */; };
		CE71534121F90AD90000336A /* Expenses.xcdatamodeld in Sources */ = {isa = PBXBuildFile; fileRef = CE71533F21F90AD90000336A /* Expenses.xcdatamodeld */; };
		CE71534321F90ADA0000336A /* Assets.xcassets in Resources */ = {isa = PBXBuildFile; fileRef = CE71534221F90ADA0000336A /* Assets.xcassets */; };
		CE71534621F90ADA0000336A /* LaunchScreen.storyboard in Resources */ = {isa = PBXBuildFile; fileRef = CE71534421F90ADA0000336A /* LaunchScreen.storyboard */; };
		CE71535121F90ADA0000336A /* ExpensesUITests.swift in Sources */ = {isa = PBXBuildFile; fileRef = CE71535021F90ADA0000336A /* ExpensesUITests.swift */; };
		CE71535C21F90B440000336A /* Expense.swift in Sources */ = {isa = PBXBuildFile; fileRef = CE71535B21F90B440000336A /* Expense.swift */; };
		CE71535E21F90CB20000336A /* ExpensesViewController.swift in Sources */ = {isa = PBXBuildFile; fileRef = CE71535D21F90CB20000336A /* ExpensesViewController.swift */; };
		CE71536021F924AD0000336A /* ExpenseTableViewCell.swift in Sources */ = {isa = PBXBuildFile; fileRef = CE71535F21F924AD0000336A /* ExpenseTableViewCell.swift */; };
/* End PBXBuildFile section */

/* Begin PBXContainerItemProxy section */
		CE71534D21F90ADA0000336A /* PBXContainerItemProxy */ = {
			isa = PBXContainerItemProxy;
			containerPortal = CE71532D21F90AD90000336A /* Project object */;
			proxyType = 1;
			remoteGlobalIDString = CE71533421F90AD90000336A;
			remoteInfo = Expenses;
		};
/* End PBXContainerItemProxy section */

/* Begin PBXFileReference section */
		CE71533521F90AD90000336A /* Expenses.app */ = {isa = PBXFileReference; explicitFileType = wrapper.application; includeInIndex = 0; path = Expenses.app; sourceTree = BUILT_PRODUCTS_DIR; };
		CE71533821F90AD90000336A /* AppDelegate.swift */ = {isa = PBXFileReference; lastKnownFileType = sourcecode.swift; path = AppDelegate.swift; sourceTree = "<group>"; };
		CE71533D21F90AD90000336A /* Base */ = {isa = PBXFileReference; lastKnownFileType = file.storyboard; name = Base; path = Base.lproj/Main.storyboard; sourceTree = "<group>"; };
		CE71534021F90AD90000336A /* Expenses.xcdatamodel */ = {isa = PBXFileReference; lastKnownFileType = wrapper.xcdatamodel; path = Expenses.xcdatamodel; sourceTree = "<group>"; };
		CE71534221F90ADA0000336A /* Assets.xcassets */ = {isa = PBXFileReference; lastKnownFileType = folder.assetcatalog; path = Assets.xcassets; sourceTree = "<group>"; };
		CE71534521F90ADA0000336A /* Base */ = {isa = PBXFileReference; lastKnownFileType = file.storyboard; name = Base; path = Base.lproj/LaunchScreen.storyboard; sourceTree = "<group>"; };
		CE71534721F90ADA0000336A /* Info.plist */ = {isa = PBXFileReference; lastKnownFileType = text.plist.xml; path = Info.plist; sourceTree = "<group>"; };
		CE71534C21F90ADA0000336A /* ExpensesUITests.xctest */ = {isa = PBXFileReference; explicitFileType = wrapper.cfbundle; includeInIndex = 0; path = ExpensesUITests.xctest; sourceTree = BUILT_PRODUCTS_DIR; };
		CE71535021F90ADA0000336A /* ExpensesUITests.swift */ = {isa = PBXFileReference; lastKnownFileType = sourcecode.swift; path = ExpensesUITests.swift; sourceTree = "<group>"; };
		CE71535221F90ADA0000336A /* Info.plist */ = {isa = PBXFileReference; lastKnownFileType = text.plist.xml; path = Info.plist; sourceTree = "<group>"; };
		CE71535B21F90B440000336A /* Expense.swift */ = {isa = PBXFileReference; lastKnownFileType = sourcecode.swift; path = Expense.swift; sourceTree = "<group>"; };
		CE71535D21F90CB20000336A /* ExpensesViewController.swift */ = {isa = PBXFileReference; lastKnownFileType = sourcecode.swift; path = ExpensesViewController.swift; sourceTree = "<group>"; };
		CE71535F21F924AD0000336A /* ExpenseTableViewCell.swift */ = {isa = PBXFileReference; lastKnownFileType = sourcecode.swift; path = ExpenseTableViewCell.swift; sourceTree = "<group>"; };
/* End PBXFileReference section */

/* Begin PBXFrameworksBuildPhase section */
		CE71533221F90AD90000336A /* Frameworks */ = {
			isa = PBXFrameworksBuildPhase;
			buildActionMask = 2147483647;
			files = (
			);
			runOnlyForDeploymentPostprocessing = 0;
		};
		CE71534921F90ADA0000336A /* Frameworks */ = {
			isa = PBXFrameworksBuildPhase;
			buildActionMask = 2147483647;
			files = (
			);
			runOnlyForDeploymentPostprocessing = 0;
		};
/* End PBXFrameworksBuildPhase section */

/* Begin PBXGroup section */
		CE71532C21F90AD90000336A = {
			isa = PBXGroup;
			children = (
				CE71533721F90AD90000336A /* Expenses */,
				CE71534F21F90ADA0000336A /* ExpensesUITests */,
				CE71533621F90AD90000336A /* Products */,
			);
			sourceTree = "<group>";
		};
		CE71533621F90AD90000336A /* Products */ = {
			isa = PBXGroup;
			children = (
				CE71533521F90AD90000336A /* Expenses.app */,
				CE71534C21F90ADA0000336A /* ExpensesUITests.xctest */,
			);
			name = Products;
			sourceTree = "<group>";
		};
		CE71533721F90AD90000336A /* Expenses */ = {
			isa = PBXGroup;
			children = (
				CE71533821F90AD90000336A /* AppDelegate.swift */,
				CE71533C21F90AD90000336A /* Main.storyboard */,
				CE71535F21F924AD0000336A /* ExpenseTableViewCell.swift */,
				CE71535D21F90CB20000336A /* ExpensesViewController.swift */,
				CE71535B21F90B440000336A /* Expense.swift */,
				CE71534221F90ADA0000336A /* Assets.xcassets */,
				CE71534421F90ADA0000336A /* LaunchScreen.storyboard */,
				CE71534721F90ADA0000336A /* Info.plist */,
				CE71533F21F90AD90000336A /* Expenses.xcdatamodeld */,
			);
			path = Expenses;
			sourceTree = "<group>";
		};
		CE71534F21F90ADA0000336A /* ExpensesUITests */ = {
			isa = PBXGroup;
			children = (
				CE71535021F90ADA0000336A /* ExpensesUITests.swift */,
				CE71535221F90ADA0000336A /* Info.plist */,
			);
			path = ExpensesUITests;
			sourceTree = "<group>";
		};
/* End PBXGroup section */

/* Begin PBXNativeTarget section */
		CE71533421F90AD90000336A /* Expenses */ = {
			isa = PBXNativeTarget;
			buildConfigurationList = CE71535521F90ADA0000336A /* Build configuration list for PBXNativeTarget "Expenses" */;
			buildPhases = (
				CE71533121F90AD90000336A /* Sources */,
				CE71533221F90AD90000336A /* Frameworks */,
				CE71533321F90AD90000336A /* Resources */,
			);
			buildRules = (
			);
			dependencies = (
			);
			name = Expenses;
			productName = Expenses;
			productReference = CE71533521F90AD90000336A /* Expenses.app */;
			productType = "com.apple.product-type.application";
		};
		CE71534B21F90ADA0000336A /* ExpensesUITests */ = {
			isa = PBXNativeTarget;
			buildConfigurationList = CE71535821F90ADA0000336A /* Build configuration list for PBXNativeTarget "ExpensesUITests" */;
			buildPhases = (
				CE71534821F90ADA0000336A /* Sources */,
				CE71534921F90ADA0000336A /* Frameworks */,
				CE71534A21F90ADA0000336A /* Resources */,
			);
			buildRules = (
			);
			dependencies = (
				CE71534E21F90ADA0000336A /* PBXTargetDependency */,
			);
			name = ExpensesUITests;
			productName = ExpensesUITests;
			productReference = CE71534C21F90ADA0000336A /* ExpensesUITests.xctest */;
			productType = "com.apple.product-type.bundle.ui-testing";
		};
/* End PBXNativeTarget section */

/* Begin PBXProject section */
		CE71532D21F90AD90000336A /* Project object */ = {
			isa = PBXProject;
			attributes = {
				LastSwiftUpdateCheck = 1010;
				LastUpgradeCheck = 1010;
				ORGANIZATIONNAME = "Chris Rehagen";
				TargetAttributes = {
					CE71533421F90AD90000336A = {
						CreatedOnToolsVersion = 10.1;
					};
					CE71534B21F90ADA0000336A = {
						CreatedOnToolsVersion = 10.1;
						TestTargetID = CE71533421F90AD90000336A;
					};
				};
			};
			buildConfigurationList = CE71533021F90AD90000336A /* Build configuration list for PBXProject "Expenses" */;
			compatibilityVersion = "Xcode 9.3";
			developmentRegion = en;
			hasScannedForEncodings = 0;
			knownRegions = (
				en,
				Base,
			);
			mainGroup = CE71532C21F90AD90000336A;
			productRefGroup = CE71533621F90AD90000336A /* Products */;
			projectDirPath = "";
			projectRoot = "";
			targets = (
				CE71533421F90AD90000336A /* Expenses */,
				CE71534B21F90ADA0000336A /* ExpensesUITests */,
			);
		};
/* End PBXProject section */

/* Begin PBXResourcesBuildPhase section */
		CE71533321F90AD90000336A /* Resources */ = {
			isa = PBXResourcesBuildPhase;
			buildActionMask = 2147483647;
			files = (
				CE71534621F90ADA0000336A /* LaunchScreen.storyboard in Resources */,
				CE71534321F90ADA0000336A /* Assets.xcassets in Resources */,
				CE71533E21F90AD90000336A /* Main.storyboard in Resources */,
			);
			runOnlyForDeploymentPostprocessing = 0;
		};
		CE71534A21F90ADA0000336A /* Resources */ = {
			isa = PBXResourcesBuildPhase;
			buildActionMask = 2147483647;
			files = (
			);
			runOnlyForDeploymentPostprocessing = 0;
		};
/* End PBXResourcesBuildPhase section */

/* Begin PBXSourcesBuildPhase section */
		CE71533121F90AD90000336A /* Sources */ = {
			isa = PBXSourcesBuildPhase;
			buildActionMask = 2147483647;
			files = (
				CE71536021F924AD0000336A /* ExpenseTableViewCell.swift in Sources */,
				CE71535C21F90B440000336A /* Expense.swift in Sources */,
				CE71535E21F90CB20000336A /* ExpensesViewController.swift in Sources */,
				CE71534121F90AD90000336A /* Expenses.xcdatamodeld in Sources */,
				CE71533921F90AD90000336A /* AppDelegate.swift in Sources */,
			);
			runOnlyForDeploymentPostprocessing = 0;
		};
		CE71534821F90ADA0000336A /* Sources */ = {
			isa = PBXSourcesBuildPhase;
			buildActionMask = 2147483647;
			files = (
				CE71535121F90ADA0000336A /* ExpensesUITests.swift in Sources */,
			);
			runOnlyForDeploymentPostprocessing = 0;
		};
/* End PBXSourcesBuildPhase section */

/* Begin PBXTargetDependency section */
		CE71534E21F90ADA0000336A /* PBXTargetDependency */ = {
			isa = PBXTargetDependency;
			target = CE71533421F90AD90000336A /* Expenses */;
			targetProxy = CE71534D21F90ADA0000336A /* PBXContainerItemProxy */;
		};
/* End PBXTargetDependency section */

/* Begin PBXVariantGroup section */
		CE71533C21F90AD90000336A /* Main.storyboard */ = {
			isa = PBXVariantGroup;
			children = (
				CE71533D21F90AD90000336A /* Base */,
			);
			name = Main.storyboard;
			sourceTree = "<group>";
		};
		CE71534421F90ADA0000336A /* LaunchScreen.storyboard */ = {
			isa = PBXVariantGroup;
			children = (
				CE71534521F90ADA0000336A /* Base */,
			);
			name = LaunchScreen.storyboard;
			sourceTree = "<group>";
		};
/* End PBXVariantGroup section */

/* Begin XCBuildConfiguration section */
		CE71535321F90ADA0000336A /* Debug */ = {
			isa = XCBuildConfiguration;
			buildSettings = {
				ALWAYS_SEARCH_USER_PATHS = NO;
				CLANG_ANALYZER_NONNULL = YES;
				CLANG_ANALYZER_NUMBER_OBJECT_CONVERSION = YES_AGGRESSIVE;
				CLANG_CXX_LANGUAGE_STANDARD = "gnu++14";
				CLANG_CXX_LIBRARY = "libc++";
				CLANG_ENABLE_MODULES = YES;
				CLANG_ENABLE_OBJC_ARC = YES;
				CLANG_ENABLE_OBJC_WEAK = YES;
				CLANG_WARN_BLOCK_CAPTURE_AUTORELEASING = YES;
				CLANG_WARN_BOOL_CONVERSION = YES;
				CLANG_WARN_COMMA = YES;
				CLANG_WARN_CONSTANT_CONVERSION = YES;
				CLANG_WARN_DEPRECATED_OBJC_IMPLEMENTATIONS = YES;
				CLANG_WARN_DIRECT_OBJC_ISA_USAGE = YES_ERROR;
				CLANG_WARN_DOCUMENTATION_COMMENTS = YES;
				CLANG_WARN_EMPTY_BODY = YES;
				CLANG_WARN_ENUM_CONVERSION = YES;
				CLANG_WARN_INFINITE_RECURSION = YES;
				CLANG_WARN_INT_CONVERSION = YES;
				CLANG_WARN_NON_LITERAL_NULL_CONVERSION = YES;
				CLANG_WARN_OBJC_IMPLICIT_RETAIN_SELF = YES;
				CLANG_WARN_OBJC_LITERAL_CONVERSION = YES;
				CLANG_WARN_OBJC_ROOT_CLASS = YES_ERROR;
				CLANG_WARN_RANGE_LOOP_ANALYSIS = YES;
				CLANG_WARN_STRICT_PROTOTYPES = YES;
				CLANG_WARN_SUSPICIOUS_MOVE = YES;
				CLANG_WARN_UNGUARDED_AVAILABILITY = YES_AGGRESSIVE;
				CLANG_WARN_UNREACHABLE_CODE = YES;
				CLANG_WARN__DUPLICATE_METHOD_MATCH = YES;
				CODE_SIGN_IDENTITY = "iPhone Developer";
				COPY_PHASE_STRIP = NO;
				DEBUG_INFORMATION_FORMAT = dwarf;
				ENABLE_STRICT_OBJC_MSGSEND = YES;
				ENABLE_TESTABILITY = YES;
				GCC_C_LANGUAGE_STANDARD = gnu11;
				GCC_DYNAMIC_NO_PIC = NO;
				GCC_NO_COMMON_BLOCKS = YES;
				GCC_OPTIMIZATION_LEVEL = 0;
				GCC_PREPROCESSOR_DEFINITIONS = (
					"DEBUG=1",
					"$(inherited)",
				);
				GCC_WARN_64_TO_32_BIT_CONVERSION = YES;
				GCC_WARN_ABOUT_RETURN_TYPE = YES_ERROR;
				GCC_WARN_UNDECLARED_SELECTOR = YES;
				GCC_WARN_UNINITIALIZED_AUTOS = YES_AGGRESSIVE;
				GCC_WARN_UNUSED_FUNCTION = YES;
				GCC_WARN_UNUSED_VARIABLE = YES;
				IPHONEOS_DEPLOYMENT_TARGET = 12.1;
				MTL_ENABLE_DEBUG_INFO = INCLUDE_SOURCE;
				MTL_FAST_MATH = YES;
				ONLY_ACTIVE_ARCH = YES;
				SDKROOT = iphoneos;
				SWIFT_ACTIVE_COMPILATION_CONDITIONS = DEBUG;
				SWIFT_OPTIMIZATION_LEVEL = "-Onone";
			};
			name = Debug;
		};
		CE71535421F90ADA0000336A /* Release */ = {
			isa = XCBuildConfiguration;
			buildSettings = {
				ALWAYS_SEARCH_USER_PATHS = NO;
				CLANG_ANALYZER_NONNULL = YES;
				CLANG_ANALYZER_NUMBER_OBJECT_CONVERSION = YES_AGGRESSIVE;
				CLANG_CXX_LANGUAGE_STANDARD = "gnu++14";
				CLANG_CXX_LIBRARY = "libc++";
				CLANG_ENABLE_MODULES = YES;
				CLANG_ENABLE_OBJC_ARC = YES;
				CLANG_ENABLE_OBJC_WEAK = YES;
				CLANG_WARN_BLOCK_CAPTURE_AUTORELEASING = YES;
				CLANG_WARN_BOOL_CONVERSION = YES;
				CLANG_WARN_COMMA = YES;
				CLANG_WARN_CONSTANT_CONVERSION = YES;
				CLANG_WARN_DEPRECATED_OBJC_IMPLEMENTATIONS = YES;
				CLANG_WARN_DIRECT_OBJC_ISA_USAGE = YES_ERROR;
				CLANG_WARN_DOCUMENTATION_COMMENTS = YES;
				CLANG_WARN_EMPTY_BODY = YES;
				CLANG_WARN_ENUM_CONVERSION = YES;
				CLANG_WARN_INFINITE_RECURSION = YES;
				CLANG_WARN_INT_CONVERSION = YES;
				CLANG_WARN_NON_LITERAL_NULL_CONVERSION = YES;
				CLANG_WARN_OBJC_IMPLICIT_RETAIN_SELF = YES;
				CLANG_WARN_OBJC_LITERAL_CONVERSION = YES;
				CLANG_WARN_OBJC_ROOT_CLASS = YES_ERROR;
				CLANG_WARN_RANGE_LOOP_ANALYSIS = YES;
				CLANG_WARN_STRICT_PROTOTYPES = YES;
				CLANG_WARN_SUSPICIOUS_MOVE = YES;
				CLANG_WARN_UNGUARDED_AVAILABILITY = YES_AGGRESSIVE;
				CLANG_WARN_UNREACHABLE_CODE = YES;
				CLANG_WARN__DUPLICATE_METHOD_MATCH = YES;
				CODE_SIGN_IDENTITY = "iPhone Developer";
				COPY_PHASE_STRIP = NO;
				DEBUG_INFORMATION_FORMAT = "dwarf-with-dsym";
				ENABLE_NS_ASSERTIONS = NO;
				ENABLE_STRICT_OBJC_MSGSEND = YES;
				GCC_C_LANGUAGE_STANDARD = gnu11;
				GCC_NO_COMMON_BLOCKS = YES;
				GCC_WARN_64_TO_32_BIT_CONVERSION = YES;
				GCC_WARN_ABOUT_RETURN_TYPE = YES_ERROR;
				GCC_WARN_UNDECLARED_SELECTOR = YES;
				GCC_WARN_UNINITIALIZED_AUTOS = YES_AGGRESSIVE;
				GCC_WARN_UNUSED_FUNCTION = YES;
				GCC_WARN_UNUSED_VARIABLE = YES;
				IPHONEOS_DEPLOYMENT_TARGET = 12.1;
				MTL_ENABLE_DEBUG_INFO = NO;
				MTL_FAST_MATH = YES;
				SDKROOT = iphoneos;
				SWIFT_COMPILATION_MODE = wholemodule;
				SWIFT_OPTIMIZATION_LEVEL = "-O";
				VALIDATE_PRODUCT = YES;
			};
			name = Release;
		};
		CE71535621F90ADA0000336A /* Debug */ = {
			isa = XCBuildConfiguration;
			buildSettings = {
				ASSETCATALOG_COMPILER_APPICON_NAME = AppIcon;
				CODE_SIGN_STYLE = Automatic;
				INFOPLIST_FILE = Expenses/Info.plist;
				LD_RUNPATH_SEARCH_PATHS = (
					"$(inherited)",
					"@executable_path/Frameworks",
				);
				PRODUCT_BUNDLE_IDENTIFIER = MyCompany.Expenses;
				PRODUCT_NAME = "$(TARGET_NAME)";
				SWIFT_VERSION = 4.2;
				TARGETED_DEVICE_FAMILY = "1,2";
			};
			name = Debug;
		};
		CE71535721F90ADA0000336A /* Release */ = {
			isa = XCBuildConfiguration;
			buildSettings = {
				ASSETCATALOG_COMPILER_APPICON_NAME = AppIcon;
				CODE_SIGN_STYLE = Automatic;
				INFOPLIST_FILE = Expenses/Info.plist;
				LD_RUNPATH_SEARCH_PATHS = (
					"$(inherited)",
					"@executable_path/Frameworks",
				);
				PRODUCT_BUNDLE_IDENTIFIER = MyCompany.Expenses;
				PRODUCT_NAME = "$(TARGET_NAME)";
				SWIFT_VERSION = 4.2;
				TARGETED_DEVICE_FAMILY = "1,2";
			};
			name = Release;
		};
		CE71535921F90ADA0000336A /* Debug */ = {
			isa = XCBuildConfiguration;
			buildSettings = {
				ALWAYS_EMBED_SWIFT_STANDARD_LIBRARIES = YES;
				CODE_SIGN_STYLE = Automatic;
				INFOPLIST_FILE = ExpensesUITests/Info.plist;
				LD_RUNPATH_SEARCH_PATHS = (
					"$(inherited)",
					"@executable_path/Frameworks",
					"@loader_path/Frameworks",
				);
				PRODUCT_BUNDLE_IDENTIFIER = MyCompany.ExpensesUITests;
				PRODUCT_NAME = "$(TARGET_NAME)";
				SWIFT_VERSION = 4.2;
				TARGETED_DEVICE_FAMILY = "1,2";
				TEST_TARGET_NAME = Expenses;
			};
			name = Debug;
		};
		CE71535A21F90ADA0000336A /* Release */ = {
			isa = XCBuildConfiguration;
			buildSettings = {
				ALWAYS_EMBED_SWIFT_STANDARD_LIBRARIES = YES;
				CODE_SIGN_STYLE = Automatic;
				INFOPLIST_FILE = ExpensesUITests/Info.plist;
				LD_RUNPATH_SEARCH_PATHS = (
					"$(inherited)",
					"@executable_path/Frameworks",
					"@loader_path/Frameworks",
				);
				PRODUCT_BUNDLE_IDENTIFIER = MyCompany.ExpensesUITests;
				PRODUCT_NAME = "$(TARGET_NAME)";
				SWIFT_VERSION = 4.2;
				TARGETED_DEVICE_FAMILY = "1,2";
				TEST_TARGET_NAME = Expenses;
			};
			name = Release;
		};
/* End XCBuildConfiguration section */

/* Begin XCConfigurationList section */
		CE71533021F90AD90000336A /* Build configuration list for PBXProject "Expenses" */ = {
			isa = XCConfigurationList;
			buildConfigurations = (
				CE71535321F90ADA0000336A /* Debug */,
				CE71535421F90ADA0000336A /* Release */,
			);
			defaultConfigurationIsVisible = 0;
			defaultConfigurationName = Release;
		};
		CE71535521F90ADA0000336A /* Build configuration list for PBXNativeTarget "Expenses" */ = {
			isa = XCConfigurationList;
			buildConfigurations = (
				CE71535621F90ADA0000336A /* Debug */,
				CE71535721F90ADA0000336A /* Release */,
			);
			defaultConfigurationIsVisible = 0;
			defaultConfigurationName = Release;
		};
		CE71535821F90ADA0000336A /* Build configuration list for PBXNativeTarget "ExpensesUITests" */ = {
			isa = XCConfigurationList;
			buildConfigurations = (
				CE71535921F90ADA0000336A /* Debug */,
				CE71535A21F90ADA0000336A /* Release */,
			);
			defaultConfigurationIsVisible = 0;
			defaultConfigurationName = Release;
		};
/* End XCConfigurationList section */

/* Begin XCVersionGroup section */
		CE71533F21F90AD90000336A /* Expenses.xcdatamodeld */ = {
			isa = XCVersionGroup;
			children = (
				CE71534021F90AD90000336A /* Expenses.xcdatamodel */,
			);
			currentVersion = CE71534021F90AD90000336A /* Expenses.xcdatamodel */;
			path = Expenses.xcdatamodeld;
			sourceTree = "<group>";
			versionGroupType = wrapper.xcdatamodel;
		};
/* End XCVersionGroup section */
	};
	rootObject = CE71532D21F90AD90000336A /* Project object */;
}
